
Microsoft Visual Studio Solution File, Format Version 12.00
# Visual Studio 2013
VisualStudioVersion = 12.0.21005.1
MinimumVisualStudioVersion = 10.0.40219.1
Project("{8BC9CEB8-8B4A-11D0-8D11-00A0C91BC942}") = "essentiaW81", "essentiaW81.vcxproj", "{F0D9593C-A84A-4515-A181-F70493EB7FAF}"
EndProject
Global
	GlobalSection(SolutionConfigurationPlatforms) = preSolution
		Debug|ARM = Debug|ARM
		Debug|Win32 = Debug|Win32
		Debug|x64 = Debug|x64
		Release|ARM = Release|ARM
		Release|Win32 = Release|Win32
		Release|x64 = Release|x64
	EndGlobalSection
	GlobalSection(ProjectConfigurationPlatforms) = postSolution
		{F0D9593C-A84A-4515-A181-F70493EB7FAF}.Debug|ARM.ActiveCfg = DebugW81|ARM
		{F0D9593C-A84A-4515-A181-F70493EB7FAF}.Debug|ARM.Build.0 = DebugW81|ARM
		{F0D9593C-A84A-4515-A181-F70493EB7FAF}.Debug|Win32.ActiveCfg = DebugW81|Win32
		{F0D9593C-A84A-4515-A181-F70493EB7FAF}.Debug|Win32.Build.0 = DebugW81|Win32
		{F0D9593C-A84A-4515-A181-F70493EB7FAF}.Debug|x64.ActiveCfg = DebugW81|x64
		{F0D9593C-A84A-4515-A181-F70493EB7FAF}.Debug|x64.Build.0 = DebugW81|x64
		{F0D9593C-A84A-4515-A181-F70493EB7FAF}.Release|ARM.ActiveCfg = ReleaseW81|ARM
		{F0D9593C-A84A-4515-A181-F70493EB7FAF}.Release|ARM.Build.0 = ReleaseW81|ARM
		{F0D9593C-A84A-4515-A181-F70493EB7FAF}.Release|Win32.ActiveCfg = ReleaseW81|Win32
		{F0D9593C-A84A-4515-A181-F70493EB7FAF}.Release|Win32.Build.0 = ReleaseW81|Win32
		{F0D9593C-A84A-4515-A181-F70493EB7FAF}.Release|x64.ActiveCfg = ReleaseW81|x64
		{F0D9593C-A84A-4515-A181-F70493EB7FAF}.Release|x64.Build.0 = ReleaseW81|x64
	EndGlobalSection
	GlobalSection(SolutionProperties) = preSolution
		HideSolutionNode = FALSE
	EndGlobalSection
EndGlobal
